<?xml version="1.0" encoding="utf-8"?>
<Project ToolsVersion="4.0" xmlns="http://schemas.microsoft.com/developer/msbuild/2003">
  <ItemGroup>
    <Filter Include="Pliki źródłowe">
      <UniqueIdentifier>{4FC737F1-C7A5-4376-A066-2A32D752A2FF}</UniqueIdentifier>
      <Extensions>cpp;c;cc;cxx;c++;cppm;ixx;def;odl;idl;hpj;bat;asm;asmx</Extensions>
    </Filter>
    <Filter Include="Pliki nagłówkowe">
      <UniqueIdentifier>{93995380-89BD-4b04-88EB-625FBE52EBFB}</UniqueIdentifier>
      <Extensions>h;hh;hpp;hxx;h++;hm;inl;inc;ipp;xsd</Extensions>
    </Filter>
    <Filter Include="Pliki zasobów">
      <UniqueIdentifier>{67DA6AB6-F800-4c08-8B7A-83BB121AAD01}</UniqueIdentifier>
      <Extensions>rc;ico;cur;bmp;dlg;rc2;rct;bin;rgs;gif;jpg;jpeg;jpe;resx;tiff;tif;png;wav;mfcribbon-ms</Extensions>
    </Filter>
    <Filter Include="sfml">
      <UniqueIdentifier>{36bdbf5c-9f50-46e4-8ae5-61df9b4a2b47}</UniqueIdentifier>
    </Filter>
  </ItemGroup>
  <ItemGroup>
    <ClCompile Include="main.cpp">
      <Filter>Pliki źródłowe</Filter>
    </ClCompile>
    <ClCompile Include="MainMenu.cpp">
      <Filter>Pliki źródłowe</Filter>
    </ClCompile>
    <ClCompile Include="Player.cpp">
      <Filter>Pliki źródłowe</Filter>
    </ClCompile>
    <ClCompile Include="UserInterface.cpp">
      <Filter>Pliki źródłowe</Filter>
    </ClCompile>
    <ClCompile Include="Game.cpp">
      <Filter>Pliki źródłowe</Filter>
    </ClCompile>
    <ClCompile Include="InitCharacter.cpp">
      <Filter>Pliki źródłowe</Filter>
    </ClCompile>
    <ClCompile Include="Ages.cpp">
      <Filter>Pliki źródłowe</Filter>
    </ClCompile>
    <ClCompile Include="Unit.cpp">
      <Filter>Pliki źródłowe</Filter>
    </ClCompile>
    <ClCompile Include="BotAlgorythm.cpp">
      <Filter>Pliki źródłowe</Filter>
    </ClCompile>
  </ItemGroup>
  <ItemGroup>
    <ClInclude Include="Game.h">
      <Filter>Pliki nagłówkowe</Filter>
    </ClInclude>
    <ClInclude Include="MainMenu.h">
      <Filter>Pliki nagłówkowe</Filter>
    </ClInclude>
    <ClInclude Include="Player.h">
      <Filter>Pliki nagłówkowe</Filter>
    </ClInclude>
    <ClInclude Include="UserInterface.h">
      <Filter>Pliki nagłówkowe</Filter>
    </ClInclude>
    <ClInclude Include="InitCharacter.h">
      <Filter>Pliki nagłówkowe</Filter>
    </ClInclude>
    <ClInclude Include="Ages.h">
      <Filter>Pliki nagłówkowe</Filter>
    </ClInclude>
    <ClInclude Include="Unit.h">
      <Filter>Pliki nagłówkowe</Filter>
    </ClInclude>
    <ClInclude Include="BotAlgorythm.h">
      <Filter>Pliki nagłówkowe</Filter>
    </ClInclude>
  </ItemGroup>
  <ItemGroup>
    <CopyFileToFolders Include="sfml-window-d-2.dll">
      <Filter>sfml</Filter>
    </CopyFileToFolders>
    <CopyFileToFolders Include="openal32.dll">
      <Filter>sfml</Filter>
    </CopyFileToFolders>
    <CopyFileToFolders Include="sfml-audio-2.dll">
      <Filter>sfml</Filter>
    </CopyFileToFolders>
    <CopyFileToFolders Include="sfml-audio-d-2.dll">
      <Filter>sfml</Filter>
    </CopyFileToFolders>
    <CopyFileToFolders Include="sfml-graphics-2.dll">
      <Filter>sfml</Filter>
    </CopyFileToFolders>
    <CopyFileToFolders Include="sfml-graphics-d-2.dll">
      <Filter>sfml</Filter>
    </CopyFileToFolders>
    <CopyFileToFolders Include="sfml-network-2.dll">
      <Filter>sfml</Filter>
    </CopyFileToFolders>
    <CopyFileToFolders Include="sfml-network-d-2.dll">
      <Filter>sfml</Filter>
    </CopyFileToFolders>
    <CopyFileToFolders Include="sfml-system-2.dll">
      <Filter>sfml</Filter>
    </CopyFileToFolders>
    <CopyFileToFolders Include="sfml-system-d-2.dll">
      <Filter>sfml</Filter>
    </CopyFileToFolders>
    <CopyFileToFolders Include="sfml-window-2.dll">
      <Filter>sfml</Filter>
    </CopyFileToFolders>
  </ItemGroup>
</Project>